
Microsoft Visual Studio Solution File, Format Version 12.00
# Visual Studio 14
VisualStudioVersion = 14.0.24720.0
MinimumVisualStudioVersion = 10.0.40219.1
Project("{FAE04EC0-301F-11D3-BF4B-00C04F79EFBC}") = "DEV204x", "DEV204x\DEV204x.csproj", "{EF81F1C4-516E-4922-A7C3-7B0BB444F2EC}"
EndProject
Project("{FAE04EC0-301F-11D3-BF4B-00C04F79EFBC}") = "Module02", "Module2\Module02.csproj", "{723BD861-BBE6-4844-8BDD-D8D8875E906A}"
EndProject
Project("{FAE04EC0-301F-11D3-BF4B-00C04F79EFBC}") = "Module03", "Module3\Module03.csproj", "{08C00169-F239-4B25-BA29-20D361031CDF}"
EndProject
Project("{FAE04EC0-301F-11D3-BF4B-00C04F79EFBC}") = "Module04", "Module4\Module04.csproj", "{4079C4EE-D617-4FCC-83D1-4BD642116F09}"
EndProject
Project("{FAE04EC0-301F-11D3-BF4B-00C04F79EFBC}") = "Module05", "Module05\Module05.csproj", "{F1AEC8D7-D439-4495-B45A-10715D2BB8A5}"
EndProject
Project("{FAE04EC0-301F-11D3-BF4B-00C04F79EFBC}") = "Module06", "Module06\Module06.csproj", "{CC724D84-E54B-46EF-9244-45816F732792}"
EndProject
Project("{FAE04EC0-301F-11D3-BF4B-00C04F79EFBC}") = "Module07", "Module07\Module07.csproj", "{7F69AF4C-A57A-4FD8-A8CB-643476041D6F}"
EndProject
Project("{FAE04EC0-301F-11D3-BF4B-00C04F79EFBC}") = "Grading", "Grading\Grading.csproj", "{195B32C9-F34A-444C-B10A-6D922A7780C9}"
EndProject
Project("{FAE04EC0-301F-11D3-BF4B-00C04F79EFBC}") = "Module08", "Module08\Module08.csproj", "{B1487607-3EA8-4251-B993-A8F5C2B7BEA9}"
EndProject
Project("{FAE04EC0-301F-11D3-BF4B-00C04F79EFBC}") = "Module09", "Module09\Module09.csproj", "{1D01E1A1-51C3-4188-8A39-42540717DDFD}"
EndProject
Project("{FAE04EC0-301F-11D3-BF4B-00C04F79EFBC}") = "Module10", "Module10\Module10.csproj", "{90B221E3-31EB-4498-885F-A53BDFCE5703}"
EndProject
Project("{FAE04EC0-301F-11D3-BF4B-00C04F79EFBC}") = "Tasks", "Tasks\Tasks.csproj", "{30414574-A868-4641-A315-610F274A1B9A}"
EndProject
Project("{FAE04EC0-301F-11D3-BF4B-00C04F79EFBC}") = "TasksWpf", "TasksWpf\TasksWpf.csproj", "{916DF669-41FE-4C1A-B8B0-BCDDD98D298E}"
EndProject
Project("{FAE04EC0-301F-11D3-BF4B-00C04F79EFBC}") = "Module11", "Module11\Module11.csproj", "{1276E0B6-C331-479F-9085-D95390753EB8}"
EndProject
Project("{FAE04EC0-301F-11D3-BF4B-00C04F79EFBC}") = "Module12", "Module12\Module12.csproj", "{5957162B-3EF2-4D07-A1A0-69BA6B81A681}"
EndProject
Global
	GlobalSection(SolutionConfigurationPlatforms) = preSolution
		Debug|Any CPU = Debug|Any CPU
		Release|Any CPU = Release|Any CPU
	EndGlobalSection
	GlobalSection(ProjectConfigurationPlatforms) = postSolution
		{EF81F1C4-516E-4922-A7C3-7B0BB444F2EC}.Debug|Any CPU.ActiveCfg = Debug|Any CPU
		{EF81F1C4-516E-4922-A7C3-7B0BB444F2EC}.Debug|Any CPU.Build.0 = Debug|Any CPU
		{EF81F1C4-516E-4922-A7C3-7B0BB444F2EC}.Release|Any CPU.ActiveCfg = Release|Any CPU
		{EF81F1C4-516E-4922-A7C3-7B0BB444F2EC}.Release|Any CPU.Build.0 = Release|Any CPU
		{723BD861-BBE6-4844-8BDD-D8D8875E906A}.Debug|Any CPU.ActiveCfg = Debug|Any CPU
		{723BD861-BBE6-4844-8BDD-D8D8875E906A}.Debug|Any CPU.Build.0 = Debug|Any CPU
		{723BD861-BBE6-4844-8BDD-D8D8875E906A}.Release|Any CPU.ActiveCfg = Release|Any CPU
		{723BD861-BBE6-4844-8BDD-D8D8875E906A}.Release|Any CPU.Build.0 = Release|Any CPU
		{08C00169-F239-4B25-BA29-20D361031CDF}.Debug|Any CPU.ActiveCfg = Debug|Any CPU
		{08C00169-F239-4B25-BA29-20D361031CDF}.Debug|Any CPU.Build.0 = Debug|Any CPU
		{08C00169-F239-4B25-BA29-20D361031CDF}.Release|Any CPU.ActiveCfg = Release|Any CPU
		{08C00169-F239-4B25-BA29-20D361031CDF}.Release|Any CPU.Build.0 = Release|Any CPU
		{4079C4EE-D617-4FCC-83D1-4BD642116F09}.Debug|Any CPU.ActiveCfg = Debug|Any CPU
		{4079C4EE-D617-4FCC-83D1-4BD642116F09}.Debug|Any CPU.Build.0 = Debug|Any CPU
		{4079C4EE-D617-4FCC-83D1-4BD642116F09}.Release|Any CPU.ActiveCfg = Release|Any CPU
		{4079C4EE-D617-4FCC-83D1-4BD642116F09}.Release|Any CPU.Build.0 = Release|Any CPU
		{F1AEC8D7-D439-4495-B45A-10715D2BB8A5}.Debug|Any CPU.ActiveCfg = Debug|Any CPU
		{F1AEC8D7-D439-4495-B45A-10715D2BB8A5}.Debug|Any CPU.Build.0 = Debug|Any CPU
		{F1AEC8D7-D439-4495-B45A-10715D2BB8A5}.Release|Any CPU.ActiveCfg = Release|Any CPU
		{F1AEC8D7-D439-4495-B45A-10715D2BB8A5}.Release|Any CPU.Build.0 = Release|Any CPU
		{CC724D84-E54B-46EF-9244-45816F732792}.Debug|Any CPU.ActiveCfg = Debug|Any CPU
		{CC724D84-E54B-46EF-9244-45816F732792}.Debug|Any CPU.Build.0 = Debug|Any CPU
		{CC724D84-E54B-46EF-9244-45816F732792}.Release|Any CPU.ActiveCfg = Release|Any CPU
		{CC724D84-E54B-46EF-9244-45816F732792}.Release|Any CPU.Build.0 = Release|Any CPU
		{7F69AF4C-A57A-4FD8-A8CB-643476041D6F}.Debug|Any CPU.ActiveCfg = Debug|Any CPU
		{7F69AF4C-A57A-4FD8-A8CB-643476041D6F}.Debug|Any CPU.Build.0 = Debug|Any CPU
		{7F69AF4C-A57A-4FD8-A8CB-643476041D6F}.Release|Any CPU.ActiveCfg = Release|Any CPU
		{7F69AF4C-A57A-4FD8-A8CB-643476041D6F}.Release|Any CPU.Build.0 = Release|Any CPU
		{195B32C9-F34A-444C-B10A-6D922A7780C9}.Debug|Any CPU.ActiveCfg = Debug|Any CPU
		{195B32C9-F34A-444C-B10A-6D922A7780C9}.Debug|Any CPU.Build.0 = Debug|Any CPU
		{195B32C9-F34A-444C-B10A-6D922A7780C9}.Release|Any CPU.ActiveCfg = Release|Any CPU
		{195B32C9-F34A-444C-B10A-6D922A7780C9}.Release|Any CPU.Build.0 = Release|Any CPU
		{B1487607-3EA8-4251-B993-A8F5C2B7BEA9}.Debug|Any CPU.ActiveCfg = Debug|Any CPU
		{B1487607-3EA8-4251-B993-A8F5C2B7BEA9}.Debug|Any CPU.Build.0 = Debug|Any CPU
		{B1487607-3EA8-4251-B993-A8F5C2B7BEA9}.Release|Any CPU.ActiveCfg = Release|Any CPU
		{B1487607-3EA8-4251-B993-A8F5C2B7BEA9}.Release|Any CPU.Build.0 = Release|Any CPU
		{1D01E1A1-51C3-4188-8A39-42540717DDFD}.Debug|Any CPU.ActiveCfg = Debug|Any CPU
		{1D01E1A1-51C3-4188-8A39-42540717DDFD}.Debug|Any CPU.Build.0 = Debug|Any CPU
		{1D01E1A1-51C3-4188-8A39-42540717DDFD}.Release|Any CPU.ActiveCfg = Release|Any CPU
		{1D01E1A1-51C3-4188-8A39-42540717DDFD}.Release|Any CPU.Build.0 = Release|Any CPU
		{90B221E3-31EB-4498-885F-A53BDFCE5703}.Debug|Any CPU.ActiveCfg = Debug|Any CPU
		{90B221E3-31EB-4498-885F-A53BDFCE5703}.Debug|Any CPU.Build.0 = Debug|Any CPU
		{90B221E3-31EB-4498-885F-A53BDFCE5703}.Release|Any CPU.ActiveCfg = Release|Any CPU
		{90B221E3-31EB-4498-885F-A53BDFCE5703}.Release|Any CPU.Build.0 = Release|Any CPU
		{30414574-A868-4641-A315-610F274A1B9A}.Debug|Any CPU.ActiveCfg = Debug|Any CPU
		{30414574-A868-4641-A315-610F274A1B9A}.Debug|Any CPU.Build.0 = Debug|Any CPU
		{30414574-A868-4641-A315-610F274A1B9A}.Release|Any CPU.ActiveCfg = Release|Any CPU
		{30414574-A868-4641-A315-610F274A1B9A}.Release|Any CPU.Build.0 = Release|Any CPU
		{916DF669-41FE-4C1A-B8B0-BCDDD98D298E}.Debug|Any CPU.ActiveCfg = Debug|Any CPU
		{916DF669-41FE-4C1A-B8B0-BCDDD98D298E}.Debug|Any CPU.Build.0 = Debug|Any CPU
		{916DF669-41FE-4C1A-B8B0-BCDDD98D298E}.Release|Any CPU.ActiveCfg = Release|Any CPU
		{916DF669-41FE-4C1A-B8B0-BCDDD98D298E}.Release|Any CPU.Build.0 = Release|Any CPU
		{1276E0B6-C331-479F-9085-D95390753EB8}.Debug|Any CPU.ActiveCfg = Debug|Any CPU
		{1276E0B6-C331-479F-9085-D95390753EB8}.Debug|Any CPU.Build.0 = Debug|Any CPU
		{1276E0B6-C331-479F-9085-D95390753EB8}.Release|Any CPU.ActiveCfg = Release|Any CPU
		{1276E0B6-C331-479F-9085-D95390753EB8}.Release|Any CPU.Build.0 = Release|Any CPU
		{5957162B-3EF2-4D07-A1A0-69BA6B81A681}.Debug|Any CPU.ActiveCfg = Debug|Any CPU
		{5957162B-3EF2-4D07-A1A0-69BA6B81A681}.Debug|Any CPU.Build.0 = Debug|Any CPU
		{5957162B-3EF2-4D07-A1A0-69BA6B81A681}.Release|Any CPU.ActiveCfg = Release|Any CPU
		{5957162B-3EF2-4D07-A1A0-69BA6B81A681}.Release|Any CPU.Build.0 = Release|Any CPU
	EndGlobalSection
	GlobalSection(SolutionProperties) = preSolution
		HideSolutionNode = FALSE
	EndGlobalSection
EndGlobal
